
Microsoft Visual Studio Solution File, Format Version 12.00
Project("{FAE04EC0-301F-11D3-BF4B-00C04F79EFBC}") = "ClassIsland.PluginIndexGenerator", "ClassIsland.PluginIndexGenerator\ClassIsland.PluginIndexGenerator.csproj", "{4C7D0463-A2F2-44B8-99BE-2F13837E70E5}"
EndProject
Project("{FAE04EC0-301F-11D3-BF4B-00C04F79EFBC}") = "ClassIsland.Core", "ClassIsland.Core\ClassIsland.Core.csproj", "{BC2085D3-B85E-4894-A210-2DC58D49EFE5}"
EndProject
Global
	GlobalSection(SolutionConfigurationPlatforms) = preSolution
		Debug|Any CPU = Debug|Any CPU
		Release|Any CPU = Release|Any CPU
	EndGlobalSection
	GlobalSection(ProjectConfigurationPlatforms) = postSolution
		{4C7D0463-A2F2-44B8-99BE-2F13837E70E5}.Debug|Any CPU.ActiveCfg = Debug|Any CPU
		{4C7D0463-A2F2-44B8-99BE-2F13837E70E5}.Debug|Any CPU.Build.0 = Debug|Any CPU
		{4C7D0463-A2F2-44B8-99BE-2F13837E70E5}.Release|Any CPU.ActiveCfg = Release|Any CPU
		{4C7D0463-A2F2-44B8-99BE-2F13837E70E5}.Release|Any CPU.Build.0 = Release|Any CPU
		{BC2085D3-B85E-4894-A210-2DC58D49EFE5}.Debug|Any CPU.ActiveCfg = Debug|Any CPU
		{BC2085D3-B85E-4894-A210-2DC58D49EFE5}.Debug|Any CPU.Build.0 = Debug|Any CPU
		{BC2085D3-B85E-4894-A210-2DC58D49EFE5}.Release|Any CPU.ActiveCfg = Release|Any CPU
		{BC2085D3-B85E-4894-A210-2DC58D49EFE5}.Release|Any CPU.Build.0 = Release|Any CPU
	EndGlobalSection
EndGlobal
